
Microsoft Visual Studio Solution File, Format Version 12.00
# Visual Studio Version 17
VisualStudioVersion = 17.4.33213.308
MinimumVisualStudioVersion = 10.0.40219.1
Project("{FAE04EC0-301F-11D3-BF4B-00C04F79EFBC}") = "JosueBaca", "JosueBaca\JosueBaca.csproj", "{FA272235-F482-4D41-809C-5DCBF9526CAA}"
EndProject
Global
	GlobalSection(SolutionConfigurationPlatforms) = preSolution
		Debug|Any CPU = Debug|Any CPU
		Release|Any CPU = Release|Any CPU
	EndGlobalSection
	GlobalSection(ProjectConfigurationPlatforms) = postSolution
		{FA272235-F482-4D41-809C-5DCBF9526CAA}.Debug|Any CPU.ActiveCfg = Debug|Any CPU
		{FA272235-F482-4D41-809C-5DCBF9526CAA}.Debug|Any CPU.Build.0 = Debug|Any CPU
		{FA272235-F482-4D41-809C-5DCBF9526CAA}.Release|Any CPU.ActiveCfg = Release|Any CPU
		{FA272235-F482-4D41-809C-5DCBF9526CAA}.Release|Any CPU.Build.0 = Release|Any CPU
	EndGlobalSection
	GlobalSection(SolutionProperties) = preSolution
		HideSolutionNode = FALSE
	EndGlobalSection
	GlobalSection(ExtensibilityGlobals) = postSolution
		SolutionGuid = {975FE41D-DD3E-46B8-8430-8CDE3F6BA0D5}
	EndGlobalSection
EndGlobal
